{
  "nodes": {
    "nixpkgs": {
      "locked": {
        "lastModified": 1713714268,
        "narHash": "sha256-ZJGnom7YthvNxUZLdUzy5VePTwYgDYcnnPpyHT4n9lY=",
        "owner": "nixos",
        "repo": "nixpkgs",
        "rev": "69ee1d82f1fa4c70a3dc9a64111e7eef3b8e4527",
        "type": "github"
      },
      "original": {
        "owner": "nixos",
        "ref": "nixpkgs-unstable",
        "repo": "nixpkgs",
        "type": "github"
      }
    },
    "plugin_yazi-nvim": {
      "flake": false,
      "locked": {
        "lastModified": 1695290217,
        "narHash": "sha256-/wuo95maj6WxfwPvu0AAm3JJ6ifDI/ONp2SSA6k+5WQ=",
        "owner": "DreamMaoMao",
        "repo": "yazi.nvim",
        "rev": "b5c9390c733244b10859b940413ef9741955301a",
        "type": "github"
      },
      "original": {
        "owner": "DreamMaoMao",
        "repo": "yazi.nvim",
        "type": "github"
      }
    },
    "root": {
      "inputs": {
        "nixpkgs": "nixpkgs",
        "plugin_yazi-nvim": "plugin_yazi-nvim"
      }
    }
  },
  "root": "root",
  "version": 7
}
