{
  "nodes": {
    "nixpkgs": {
      "locked": {
        "lastModified": 1714562304,
        "narHash": "sha256-Mr3U37Rh6tH0FbaDFu0aZDwk9mPAe7ASaqDOGgLqqLU=",
        "owner": "nixos",
        "repo": "nixpkgs",
        "rev": "bcd44e224fd68ce7d269b4f44d24c2220fd821e7",
        "type": "github"
      },
      "original": {
        "owner": "nixos",
        "ref": "nixpkgs-unstable",
        "repo": "nixpkgs",
        "type": "github"
      }
    },
    "plugin_yazi-nvim": {
      "flake": false,
      "locked": {
        "lastModified": 1714582209,
        "narHash": "sha256-n8hJPOgHkedL4SIOrahNnO1c7M14MUVPEiExBm9X9RY=",
        "owner": "mikavilpas",
        "repo": "yazi.nvim",
        "rev": "06ace92cef4dab21b760464602e9e410dec895e4",
        "type": "github"
      },
      "original": {
        "owner": "mikavilpas",
        "repo": "yazi.nvim",
        "type": "github"
      }
    },
    "root": {
      "inputs": {
        "nixpkgs": "nixpkgs",
        "plugin_yazi-nvim": "plugin_yazi-nvim"
      }
    }
  },
  "root": "root",
  "version": 7
}
