{
  "nodes": {
    "nixpkgs": {
      "locked": {
        "lastModified": 1713128889,
        "narHash": "sha256-aB90ZqzosyRDpBh+rILIcyP5lao8SKz8Sr2PSWvZrzk=",
        "owner": "nixos",
        "repo": "nixpkgs",
        "rev": "2748d22b45a99fb2deafa5f11c7531c212b2cefa",
        "type": "github"
      },
      "original": {
        "owner": "nixos",
        "ref": "nixpkgs-unstable",
        "repo": "nixpkgs",
        "type": "github"
      }
    },
    "plugin_grapple-nvim": {
      "flake": false,
      "locked": {
        "lastModified": 1712800281,
        "narHash": "sha256-oaG/doaiDeuWdRyzLkZAiO2CK/eBjbbWMrqC9Q/B8WY=",
        "owner": "cbochs",
        "repo": "grapple.nvim",
        "rev": "12172536620464f8cc124e07c6e3ccd306ea3c5c",
        "type": "github"
      },
      "original": {
        "owner": "cbochs",
        "repo": "grapple.nvim",
        "type": "github"
      }
    },
    "plugin_obsidian-nvim": {
      "flake": false,
      "locked": {
        "lastModified": 1712778222,
        "narHash": "sha256-jjsDXGdFMgdalgkw8HSY3+EfiTkYotsNA6txk1/09VY=",
        "owner": "epwalsh",
        "repo": "obsidian.nvim",
        "rev": "1265a1fbfca5979f629ecedb2552f743c70f458f",
        "type": "github"
      },
      "original": {
        "owner": "epwalsh",
        "repo": "obsidian.nvim",
        "type": "github"
      }
    },
    "plugin_yazi-nvim": {
      "flake": false,
      "locked": {
        "lastModified": 1695290217,
        "narHash": "sha256-/wuo95maj6WxfwPvu0AAm3JJ6ifDI/ONp2SSA6k+5WQ=",
        "owner": "DreamMaoMao",
        "repo": "yazi.nvim",
        "rev": "b5c9390c733244b10859b940413ef9741955301a",
        "type": "github"
      },
      "original": {
        "owner": "DreamMaoMao",
        "repo": "yazi.nvim",
        "type": "github"
      }
    },
    "root": {
      "inputs": {
        "nixpkgs": "nixpkgs",
        "plugin_grapple-nvim": "plugin_grapple-nvim",
        "plugin_obsidian-nvim": "plugin_obsidian-nvim",
        "plugin_yazi-nvim": "plugin_yazi-nvim"
      }
    }
  },
  "root": "root",
  "version": 7
}
